uuid: ce853b08-c59b-4096-94d3-66f4b79066b5
langcode: en
status: false
dependencies:
  module:
    - markaspot_map
    - system
  theme:
    - mas_custom
_core:
  default_config_hash: null
id: mas_custom_markaspotmaprequestsblock
theme: mas_custom
region: header
weight: -10
provider: null
plugin: markaspot_map_request_block
settings:
  id: markaspot_map_request_block
  label: 'Mark-a-Spot Map Requests Block'
  label_display: '0'
  provider: markaspot_map
visibility:
  request_path:
    id: request_path
    negate: false
    context_mapping: {  }
    pages: "/requests\r\n/requests/*\r\n<front>\r\n/visualization\r\n/node/80"
