uuid: 2066476c-1db5-4f3d-8c8a-51fa1e7b5252
langcode: en
status: true
dependencies:
  module:
    - markaspot_map
    - system
  theme:
    - mas_custom
id: markaspotmaprequestsblock
theme: mas_custom
region: hero
weight: -15
provider: null
plugin: markaspot_map_request_block
settings:
  id: markaspot_map_request_block
  label: 'Mark-a-Spot Map Requests Block'
  label_display: '0'
  provider: markaspot_map
visibility:
  request_path:
    id: request_path
    negate: false
    pages: "/requests\r\n/requests/*\r\n<front>\r\n/visualization\r\n/node/80"
