uuid: d359c98a-1b1c-4332-9ac6-441abda6c0bf
langcode: en
status: true
dependencies:
  config:
    - views.view.front_gallery
  module:
    - system
    - views
  theme:
    - mas_olivero
id: gallery_block
theme: mas_olivero
region: content
weight: -12
provider: null
plugin: 'views_block:front_gallery-block_1'
settings:
  id: 'views_block:front_gallery-block_1'
  label: ''
  label_display: visible
  provider: views
  views_label: ''
  items_per_page: none
visibility:
  request_path:
    id: request_path
    negate: false
    pages: '<front>'
